// !$*UTF8*$!
{
	archiveVersion = 1;
	classes = {
	};
	objectVersion = 56;
	objects = {

/* Begin PBXBuildFile section */
		84BF839629646889008C1F9B /* AppDelegate.swift in Sources */ = {isa = PBXBuildFile; fileRef = 84BF839529646889008C1F9B /* AppDelegate.swift */; };
		84BF839829646889008C1F9B /* SceneDelegate.swift in Sources */ = {isa = PBXBuildFile; fileRef = 84BF839729646889008C1F9B /* SceneDelegate.swift */; };
		84BF839D29646889008C1F9B /* Main.storyboard in Resources */ = {isa = PBXBuildFile; fileRef = 84BF839B29646889008C1F9B /* Main.storyboard */; };
		84BF839F2964688D008C1F9B /* Assets.xcassets in Resources */ = {isa = PBXBuildFile; fileRef = 84BF839E2964688D008C1F9B /* Assets.xcassets */; };
		84BF83A22964688D008C1F9B /* LaunchScreen.storyboard in Resources */ = {isa = PBXBuildFile; fileRef = 84BF83A02964688D008C1F9B /* LaunchScreen.storyboard */; };
		84BF83AA296468FD008C1F9B /* PlanetsTableViewController.swift in Sources */ = {isa = PBXBuildFile; fileRef = 84BF83A9296468FD008C1F9B /* PlanetsTableViewController.swift */; };
		84BF83AD2964A133008C1F9B /* PlanetCell.swift in Sources */ = {isa = PBXBuildFile; fileRef = 84BF83AC2964A133008C1F9B /* PlanetCell.swift */; };
		84BF83AF2964A53E008C1F9B /* PlanetBrain.swift in Sources */ = {isa = PBXBuildFile; fileRef = 84BF83AE2964A53E008C1F9B /* PlanetBrain.swift */; };
		84BF83B12964A655008C1F9B /* Planet.swift in Sources */ = {isa = PBXBuildFile; fileRef = 84BF83B02964A655008C1F9B /* Planet.swift */; };
		84BF83B32964B4EE008C1F9B /* PlanetStorage.swift in Sources */ = {isa = PBXBuildFile; fileRef = 84BF83B22964B4EE008C1F9B /* PlanetStorage.swift */; };
		84BF83B529653DC0008C1F9B /* PlanetTableDTO.swift in Sources */ = {isa = PBXBuildFile; fileRef = 84BF83B429653DC0008C1F9B /* PlanetTableDTO.swift */; };
		84BF83BB29655B05008C1F9B /* PlanetTableStorage.swift in Sources */ = {isa = PBXBuildFile; fileRef = 84BF83BA29655B05008C1F9B /* PlanetTableStorage.swift */; };
/* End PBXBuildFile section */

/* Begin PBXFileReference section */
		84BF839229646889008C1F9B /* PlanetasApp.app */ = {isa = PBXFileReference; explicitFileType = wrapper.application; includeInIndex = 0; path = PlanetasApp.app; sourceTree = BUILT_PRODUCTS_DIR; };
		84BF839529646889008C1F9B /* AppDelegate.swift */ = {isa = PBXFileReference; lastKnownFileType = sourcecode.swift; path = AppDelegate.swift; sourceTree = "<group>"; };
		84BF839729646889008C1F9B /* SceneDelegate.swift */ = {isa = PBXFileReference; lastKnownFileType = sourcecode.swift; path = SceneDelegate.swift; sourceTree = "<group>"; };
		84BF839C29646889008C1F9B /* Base */ = {isa = PBXFileReference; lastKnownFileType = file.storyboard; name = Base; path = Base.lproj/Main.storyboard; sourceTree = "<group>"; };
		84BF839E2964688D008C1F9B /* Assets.xcassets */ = {isa = PBXFileReference; lastKnownFileType = folder.assetcatalog; path = Assets.xcassets; sourceTree = "<group>"; };
		84BF83A12964688D008C1F9B /* Base */ = {isa = PBXFileReference; lastKnownFileType = file.storyboard; name = Base; path = Base.lproj/LaunchScreen.storyboard; sourceTree = "<group>"; };
		84BF83A32964688D008C1F9B /* Info.plist */ = {isa = PBXFileReference; lastKnownFileType = text.plist.xml; path = Info.plist; sourceTree = "<group>"; };
		84BF83A9296468FD008C1F9B /* PlanetsTableViewController.swift */ = {isa = PBXFileReference; lastKnownFileType = sourcecode.swift; path = PlanetsTableViewController.swift; sourceTree = "<group>"; };
		84BF83AC2964A133008C1F9B /* PlanetCell.swift */ = {isa = PBXFileReference; lastKnownFileType = sourcecode.swift; path = PlanetCell.swift; sourceTree = "<group>"; };
		84BF83AE2964A53E008C1F9B /* PlanetBrain.swift */ = {isa = PBXFileReference; lastKnownFileType = sourcecode.swift; path = PlanetBrain.swift; sourceTree = "<group>"; };
		84BF83B02964A655008C1F9B /* Planet.swift */ = {isa = PBXFileReference; lastKnownFileType = sourcecode.swift; path = Planet.swift; sourceTree = "<group>"; };
		84BF83B22964B4EE008C1F9B /* PlanetStorage.swift */ = {isa = PBXFileReference; lastKnownFileType = sourcecode.swift; path = PlanetStorage.swift; sourceTree = "<group>"; };
		84BF83B429653DC0008C1F9B /* PlanetTableDTO.swift */ = {isa = PBXFileReference; lastKnownFileType = sourcecode.swift; path = PlanetTableDTO.swift; sourceTree = "<group>"; };
		84BF83BA29655B05008C1F9B /* PlanetTableStorage.swift */ = {isa = PBXFileReference; lastKnownFileType = sourcecode.swift; path = PlanetTableStorage.swift; sourceTree = "<group>"; };
/* End PBXFileReference section */

/* Begin PBXFrameworksBuildPhase section */
		84BF838F29646889008C1F9B /* Frameworks */ = {
			isa = PBXFrameworksBuildPhase;
			buildActionMask = 2147483647;
			files = (
			);
			runOnlyForDeploymentPostprocessing = 0;
		};
/* End PBXFrameworksBuildPhase section */

/* Begin PBXGroup section */
		84BF838929646889008C1F9B = {
			isa = PBXGroup;
			children = (
				84BF839429646889008C1F9B /* PlanetasApp */,
				84BF839329646889008C1F9B /* Products */,
			);
			sourceTree = "<group>";
		};
		84BF839329646889008C1F9B /* Products */ = {
			isa = PBXGroup;
			children = (
				84BF839229646889008C1F9B /* PlanetasApp.app */,
			);
			name = Products;
			sourceTree = "<group>";
		};
		84BF839429646889008C1F9B /* PlanetasApp */ = {
			isa = PBXGroup;
			children = (
				84BF83B929655A29008C1F9B /* Commons */,
				84BF83AB2964A10E008C1F9B /* Planets */,
				84BF839529646889008C1F9B /* AppDelegate.swift */,
				84BF839729646889008C1F9B /* SceneDelegate.swift */,
				84BF839B29646889008C1F9B /* Main.storyboard */,
				84BF839E2964688D008C1F9B /* Assets.xcassets */,
				84BF83A02964688D008C1F9B /* LaunchScreen.storyboard */,
				84BF83A32964688D008C1F9B /* Info.plist */,
			);
			path = PlanetasApp;
			sourceTree = "<group>";
		};
		84BF83AB2964A10E008C1F9B /* Planets */ = {
			isa = PBXGroup;
			children = (
				84BF83A9296468FD008C1F9B /* PlanetsTableViewController.swift */,
				84BF83AC2964A133008C1F9B /* PlanetCell.swift */,
				84BF83AE2964A53E008C1F9B /* PlanetBrain.swift */,
				84BF83B429653DC0008C1F9B /* PlanetTableDTO.swift */,
				84BF83BA29655B05008C1F9B /* PlanetTableStorage.swift */,
			);
			path = Planets;
			sourceTree = "<group>";
		};
		84BF83B929655A29008C1F9B /* Commons */ = {
			isa = PBXGroup;
			children = (
				84BF83B22964B4EE008C1F9B /* PlanetStorage.swift */,
				84BF83B02964A655008C1F9B /* Planet.swift */,
			);
			path = Commons;
			sourceTree = "<group>";
		};
/* End PBXGroup section */

/* Begin PBXNativeTarget section */
		84BF839129646889008C1F9B /* PlanetasApp */ = {
			isa = PBXNativeTarget;
			buildConfigurationList = 84BF83A62964688D008C1F9B /* Build configuration list for PBXNativeTarget "PlanetasApp" */;
			buildPhases = (
				84BF838E29646889008C1F9B /* Sources */,
				84BF838F29646889008C1F9B /* Frameworks */,
				84BF839029646889008C1F9B /* Resources */,
			);
			buildRules = (
			);
			dependencies = (
			);
			name = PlanetasApp;
			productName = PlanetasApp;
			productReference = 84BF839229646889008C1F9B /* PlanetasApp.app */;
			productType = "com.apple.product-type.application";
		};
/* End PBXNativeTarget section */

/* Begin PBXProject section */
		84BF838A29646889008C1F9B /* Project object */ = {
			isa = PBXProject;
			attributes = {
				BuildIndependentTargetsInParallel = 1;
				LastSwiftUpdateCheck = 1410;
				LastUpgradeCheck = 1410;
				TargetAttributes = {
					84BF839129646889008C1F9B = {
						CreatedOnToolsVersion = 14.1;
					};
				};
			};
			buildConfigurationList = 84BF838D29646889008C1F9B /* Build configuration list for PBXProject "PlanetasApp" */;
			compatibilityVersion = "Xcode 14.0";
			developmentRegion = en;
			hasScannedForEncodings = 0;
			knownRegions = (
				en,
				Base,
			);
			mainGroup = 84BF838929646889008C1F9B;
			productRefGroup = 84BF839329646889008C1F9B /* Products */;
			projectDirPath = "";
			projectRoot = "";
			targets = (
				84BF839129646889008C1F9B /* PlanetasApp */,
			);
		};
/* End PBXProject section */

/* Begin PBXResourcesBuildPhase section */
		84BF839029646889008C1F9B /* Resources */ = {
			isa = PBXResourcesBuildPhase;
			buildActionMask = 2147483647;
			files = (
				84BF83A22964688D008C1F9B /* LaunchScreen.storyboard in Resources */,
				84BF839F2964688D008C1F9B /* Assets.xcassets in Resources */,
				84BF839D29646889008C1F9B /* Main.storyboard in Resources */,
			);
			runOnlyForDeploymentPostprocessing = 0;
		};
/* End PBXResourcesBuildPhase section */

/* Begin PBXSourcesBuildPhase section */
		84BF838E29646889008C1F9B /* Sources */ = {
			isa = PBXSourcesBuildPhase;
			buildActionMask = 2147483647;
			files = (
				84BF839629646889008C1F9B /* AppDelegate.swift in Sources */,
				84BF83B12964A655008C1F9B /* Planet.swift in Sources */,
				84BF83B529653DC0008C1F9B /* PlanetTableDTO.swift in Sources */,
				84BF83AA296468FD008C1F9B /* PlanetsTableViewController.swift in Sources */,
				84BF83BB29655B05008C1F9B /* PlanetTableStorage.swift in Sources */,
				84BF83B32964B4EE008C1F9B /* PlanetStorage.swift in Sources */,
				84BF839829646889008C1F9B /* SceneDelegate.swift in Sources */,
				84BF83AF2964A53E008C1F9B /* PlanetBrain.swift in Sources */,
				84BF83AD2964A133008C1F9B /* PlanetCell.swift in Sources */,
			);
			runOnlyForDeploymentPostprocessing = 0;
		};
/* End PBXSourcesBuildPhase section */

/* Begin PBXVariantGroup section */
		84BF839B29646889008C1F9B /* Main.storyboard */ = {
			isa = PBXVariantGroup;
			children = (
				84BF839C29646889008C1F9B /* Base */,
			);
			name = Main.storyboard;
			sourceTree = "<group>";
		};
		84BF83A02964688D008C1F9B /* LaunchScreen.storyboard */ = {
			isa = PBXVariantGroup;
			children = (
				84BF83A12964688D008C1F9B /* Base */,
			);
			name = LaunchScreen.storyboard;
			sourceTree = "<group>";
		};
/* End PBXVariantGroup section */

/* Begin XCBuildConfiguration section */
		84BF83A42964688D008C1F9B /* Debug */ = {
			isa = XCBuildConfiguration;
			buildSettings = {
				ALWAYS_SEARCH_USER_PATHS = NO;
				CLANG_ANALYZER_NONNULL = YES;
				CLANG_ANALYZER_NUMBER_OBJECT_CONVERSION = YES_AGGRESSIVE;
				CLANG_CXX_LANGUAGE_STANDARD = "gnu++20";
				CLANG_ENABLE_MODULES = YES;
				CLANG_ENABLE_OBJC_ARC = YES;
				CLANG_ENABLE_OBJC_WEAK = YES;
				CLANG_WARN_BLOCK_CAPTURE_AUTORELEASING = YES;
				CLANG_WARN_BOOL_CONVERSION = YES;
				CLANG_WARN_COMMA = YES;
				CLANG_WARN_CONSTANT_CONVERSION = YES;
				CLANG_WARN_DEPRECATED_OBJC_IMPLEMENTATIONS = YES;
				CLANG_WARN_DIRECT_OBJC_ISA_USAGE = YES_ERROR;
				CLANG_WARN_DOCUMENTATION_COMMENTS = YES;
				CLANG_WARN_EMPTY_BODY = YES;
				CLANG_WARN_ENUM_CONVERSION = YES;
				CLANG_WARN_INFINITE_RECURSION = YES;
				CLANG_WARN_INT_CONVERSION = YES;
				CLANG_WARN_NON_LITERAL_NULL_CONVERSION = YES;
				CLANG_WARN_OBJC_IMPLICIT_RETAIN_SELF = YES;
				CLANG_WARN_OBJC_LITERAL_CONVERSION = YES;
				CLANG_WARN_OBJC_ROOT_CLASS = YES_ERROR;
				CLANG_WARN_QUOTED_INCLUDE_IN_FRAMEWORK_HEADER = YES;
				CLANG_WARN_RANGE_LOOP_ANALYSIS = YES;
				CLANG_WARN_STRICT_PROTOTYPES = YES;
				CLANG_WARN_SUSPICIOUS_MOVE = YES;
				CLANG_WARN_UNGUARDED_AVAILABILITY = YES_AGGRESSIVE;
				CLANG_WARN_UNREACHABLE_CODE = YES;
				CLANG_WARN__DUPLICATE_METHOD_MATCH = YES;
				COPY_PHASE_STRIP = NO;
				DEBUG_INFORMATION_FORMAT = dwarf;
				ENABLE_STRICT_OBJC_MSGSEND = YES;
				ENABLE_TESTABILITY = YES;
				GCC_C_LANGUAGE_STANDARD = gnu11;
				GCC_DYNAMIC_NO_PIC = NO;
				GCC_NO_COMMON_BLOCKS = YES;
				GCC_OPTIMIZATION_LEVEL = 0;
				GCC_PREPROCESSOR_DEFINITIONS = (
					"DEBUG=1",
					"$(inherited)",
				);
				GCC_WARN_64_TO_32_BIT_CONVERSION = YES;
				GCC_WARN_ABOUT_RETURN_TYPE = YES_ERROR;
				GCC_WARN_UNDECLARED_SELECTOR = YES;
				GCC_WARN_UNINITIALIZED_AUTOS = YES_AGGRESSIVE;
				GCC_WARN_UNUSED_FUNCTION = YES;
				GCC_WARN_UNUSED_VARIABLE = YES;
				IPHONEOS_DEPLOYMENT_TARGET = 16.1;
				MTL_ENABLE_DEBUG_INFO = INCLUDE_SOURCE;
				MTL_FAST_MATH = YES;
				ONLY_ACTIVE_ARCH = YES;
				SDKROOT = iphoneos;
				SWIFT_ACTIVE_COMPILATION_CONDITIONS = DEBUG;
				SWIFT_OPTIMIZATION_LEVEL = "-Onone";
			};
			name = Debug;
		};
		84BF83A52964688D008C1F9B /* Release */ = {
			isa = XCBuildConfiguration;
			buildSettings = {
				ALWAYS_SEARCH_USER_PATHS = NO;
				CLANG_ANALYZER_NONNULL = YES;
				CLANG_ANALYZER_NUMBER_OBJECT_CONVERSION = YES_AGGRESSIVE;
				CLANG_CXX_LANGUAGE_STANDARD = "gnu++20";
				CLANG_ENABLE_MODULES = YES;
				CLANG_ENABLE_OBJC_ARC = YES;
				CLANG_ENABLE_OBJC_WEAK = YES;
				CLANG_WARN_BLOCK_CAPTURE_AUTORELEASING = YES;
				CLANG_WARN_BOOL_CONVERSION = YES;
				CLANG_WARN_COMMA = YES;
				CLANG_WARN_CONSTANT_CONVERSION = YES;
				CLANG_WARN_DEPRECATED_OBJC_IMPLEMENTATIONS = YES;
				CLANG_WARN_DIRECT_OBJC_ISA_USAGE = YES_ERROR;
				CLANG_WARN_DOCUMENTATION_COMMENTS = YES;
				CLANG_WARN_EMPTY_BODY = YES;
				CLANG_WARN_ENUM_CONVERSION = YES;
				CLANG_WARN_INFINITE_RECURSION = YES;
				CLANG_WARN_INT_CONVERSION = YES;
				CLANG_WARN_NON_LITERAL_NULL_CONVERSION = YES;
				CLANG_WARN_OBJC_IMPLICIT_RETAIN_SELF = YES;
				CLANG_WARN_OBJC_LITERAL_CONVERSION = YES;
				CLANG_WARN_OBJC_ROOT_CLASS = YES_ERROR;
				CLANG_WARN_QUOTED_INCLUDE_IN_FRAMEWORK_HEADER = YES;
				CLANG_WARN_RANGE_LOOP_ANALYSIS = YES;
				CLANG_WARN_STRICT_PROTOTYPES = YES;
				CLANG_WARN_SUSPICIOUS_MOVE = YES;
				CLANG_WARN_UNGUARDED_AVAILABILITY = YES_AGGRESSIVE;
				CLANG_WARN_UNREACHABLE_CODE = YES;
				CLANG_WARN__DUPLICATE_METHOD_MATCH = YES;
				COPY_PHASE_STRIP = NO;
				DEBUG_INFORMATION_FORMAT = "dwarf-with-dsym";
				ENABLE_NS_ASSERTIONS = NO;
				ENABLE_STRICT_OBJC_MSGSEND = YES;
				GCC_C_LANGUAGE_STANDARD = gnu11;
				GCC_NO_COMMON_BLOCKS = YES;
				GCC_WARN_64_TO_32_BIT_CONVERSION = YES;
				GCC_WARN_ABOUT_RETURN_TYPE = YES_ERROR;
				GCC_WARN_UNDECLARED_SELECTOR = YES;
				GCC_WARN_UNINITIALIZED_AUTOS = YES_AGGRESSIVE;
				GCC_WARN_UNUSED_FUNCTION = YES;
				GCC_WARN_UNUSED_VARIABLE = YES;
				IPHONEOS_DEPLOYMENT_TARGET = 16.1;
				MTL_ENABLE_DEBUG_INFO = NO;
				MTL_FAST_MATH = YES;
				SDKROOT = iphoneos;
				SWIFT_COMPILATION_MODE = wholemodule;
				SWIFT_OPTIMIZATION_LEVEL = "-O";
				VALIDATE_PRODUCT = YES;
			};
			name = Release;
		};
		84BF83A72964688D008C1F9B /* Debug */ = {
			isa = XCBuildConfiguration;
			buildSettings = {
				ASSETCATALOG_COMPILER_APPICON_NAME = AppIcon;
				ASSETCATALOG_COMPILER_GLOBAL_ACCENT_COLOR_NAME = AccentColor;
				CODE_SIGN_STYLE = Automatic;
				CURRENT_PROJECT_VERSION = 1;
				DEVELOPMENT_TEAM = 85G7CTGPPS;
				GENERATE_INFOPLIST_FILE = YES;
				INFOPLIST_FILE = PlanetasApp/Info.plist;
				INFOPLIST_KEY_UIApplicationSupportsIndirectInputEvents = YES;
				INFOPLIST_KEY_UILaunchStoryboardName = LaunchScreen;
				INFOPLIST_KEY_UIMainStoryboardFile = Main;
				INFOPLIST_KEY_UISupportedInterfaceOrientations_iPad = "UIInterfaceOrientationPortrait UIInterfaceOrientationPortraitUpsideDown UIInterfaceOrientationLandscapeLeft UIInterfaceOrientationLandscapeRight";
				INFOPLIST_KEY_UISupportedInterfaceOrientations_iPhone = "UIInterfaceOrientationPortrait UIInterfaceOrientationLandscapeLeft UIInterfaceOrientationLandscapeRight";
				LD_RUNPATH_SEARCH_PATHS = (
					"$(inherited)",
					"@executable_path/Frameworks",
				);
				MARKETING_VERSION = 1.0;
				PRODUCT_BUNDLE_IDENTIFIER = me.teodoro.calle.PlanetasApp;
				PRODUCT_NAME = "$(TARGET_NAME)";
				SWIFT_EMIT_LOC_STRINGS = YES;
				SWIFT_VERSION = 5.0;
				TARGETED_DEVICE_FAMILY = "1,2";
			};
			name = Debug;
		};
		84BF83A82964688D008C1F9B /* Release */ = {
			isa = XCBuildConfiguration;
			buildSettings = {
				ASSETCATALOG_COMPILER_APPICON_NAME = AppIcon;
				ASSETCATALOG_COMPILER_GLOBAL_ACCENT_COLOR_NAME = AccentColor;
				CODE_SIGN_STYLE = Automatic;
				CURRENT_PROJECT_VERSION = 1;
				DEVELOPMENT_TEAM = 85G7CTGPPS;
				GENERATE_INFOPLIST_FILE = YES;
				INFOPLIST_FILE = PlanetasApp/Info.plist;
				INFOPLIST_KEY_UIApplicationSupportsIndirectInputEvents = YES;
				INFOPLIST_KEY_UILaunchStoryboardName = LaunchScreen;
				INFOPLIST_KEY_UIMainStoryboardFile = Main;
				INFOPLIST_KEY_UISupportedInterfaceOrientations_iPad = "UIInterfaceOrientationPortrait UIInterfaceOrientationPortraitUpsideDown UIInterfaceOrientationLandscapeLeft UIInterfaceOrientationLandscapeRight";
				INFOPLIST_KEY_UISupportedInterfaceOrientations_iPhone = "UIInterfaceOrientationPortrait UIInterfaceOrientationLandscapeLeft UIInterfaceOrientationLandscapeRight";
				LD_RUNPATH_SEARCH_PATHS = (
					"$(inherited)",
					"@executable_path/Frameworks",
				);
				MARKETING_VERSION = 1.0;
				PRODUCT_BUNDLE_IDENTIFIER = me.teodoro.calle.PlanetasApp;
				PRODUCT_NAME = "$(TARGET_NAME)";
				SWIFT_EMIT_LOC_STRINGS = YES;
				SWIFT_VERSION = 5.0;
				TARGETED_DEVICE_FAMILY = "1,2";
			};
			name = Release;
		};
/* End XCBuildConfiguration section */

/* Begin XCConfigurationList section */
		84BF838D29646889008C1F9B /* Build configuration list for PBXProject "PlanetasApp" */ = {
			isa = XCConfigurationList;
			buildConfigurations = (
				84BF83A42964688D008C1F9B /* Debug */,
				84BF83A52964688D008C1F9B /* Release */,
			);
			defaultConfigurationIsVisible = 0;
			defaultConfigurationName = Release;
		};
		84BF83A62964688D008C1F9B /* Build configuration list for PBXNativeTarget "PlanetasApp" */ = {
			isa = XCConfigurationList;
			buildConfigurations = (
				84BF83A72964688D008C1F9B /* Debug */,
				84BF83A82964688D008C1F9B /* Release */,
			);
			defaultConfigurationIsVisible = 0;
			defaultConfigurationName = Release;
		};
/* End XCConfigurationList section */
	};
	rootObject = 84BF838A29646889008C1F9B /* Project object */;
}
